{
    "_meta": {
        "hash": {
            "sha256": "ba90edbf4c706c05b68e3c6861d38d94899ddf26d96acc9f0edd6ca4fdf54275"
        },
        "pipfile-spec": 6,
        "requires": {
            "python_version": "3.5"
        },
        "sources": [
            {
                "name": "pypi",
                "url": "https://pypi.org/simple",
                "verify_ssl": true
            }
        ]
    },
    "default": {
        "requests": {
            "hashes": [
                "sha256:84fe8d5bf4dcdcc49002446c47a146d17ac10facf00d9086659064ac43b6c25b",
                "sha256:89f1b1f25dcd7b68f514e8d341a5b2eb466f960ae756822eaab480a3c1a81c28"
            ],
            "index": "pypi",
            "version": "==2.8.1"
        }
    },
    "develop": {}
}
